PODS:
  - MaterialComponents/AnimationTiming (115.1.0)
  - MaterialComponents/Availability (115.1.0)
  - MaterialComponents/Buttons (115.1.0):
    - MaterialComponents/Elevation
    - MaterialComponents/Ink
    - MaterialComponents/private/Math
    - MaterialComponents/Ripple
    - MaterialComponents/ShadowElevations
    - MaterialComponents/ShadowLayer
    - MaterialComponents/ShapeLibrary
    - MaterialComponents/Shapes
    - MaterialComponents/Typography
    - MDFInternationalization
    - MDFTextAccessibility
  - MaterialComponents/Elevation (115.1.0):
    - MaterialComponents/Availability
    - MaterialComponents/private/Color
    - MaterialComponents/private/Math
  - MaterialComponents/Ink (115.1.0):
    - MaterialComponents/Availability
    - MaterialComponents/private/Color
    - MaterialComponents/private/Math
  - MaterialComponents/Palettes (115.1.0)
  - MaterialComponents/private/Application (115.1.0)
  - MaterialComponents/private/Color (115.1.0):
    - MaterialComponents/Availability
  - MaterialComponents/private/Math (115.1.0)
  - MaterialComponents/Ripple (115.1.0):
    - MaterialComponents/AnimationTiming
    - MaterialComponents/Availability
    - MaterialComponents/private/Color
    - MaterialComponents/private/Math
  - MaterialComponents/ShadowElevations (115.1.0)
  - MaterialComponents/ShadowLayer (115.1.0):
    - MaterialComponents/ShadowElevations
  - MaterialComponents/ShapeLibrary (115.1.0):
    - MaterialComponents/private/Math
    - MaterialComponents/Shapes
  - MaterialComponents/Shapes (115.1.0):
    - MaterialComponents/private/Color
    - MaterialComponents/private/Math
    - MaterialComponents/ShadowLayer
  - MaterialComponents/TextFields (115.1.0):
    - MaterialComponents/AnimationTiming
    - MaterialComponents/Buttons
    - MaterialComponents/Elevation
    - MaterialComponents/Palettes
    - MaterialComponents/private/Math
    - MaterialComponents/Typography
    - MDFInternationalization
  - MaterialComponents/Typography (115.1.0):
    - MaterialComponents/private/Application
    - MaterialComponents/private/Math
    - MDFTextAccessibility
  - MDFInternationalization (2.0.0)
  - MDFTextAccessibility (2.0.0)

DEPENDENCIES:
  - MaterialComponents/TextFields

SPEC REPOS:
  trunk:
    - MaterialComponents
    - MDFInternationalization
    - MDFTextAccessibility

SPEC CHECKSUMS:
  MaterialComponents: ed63ad5df885bcf0f06751adc1ee97d73464ef9c
  MDFInternationalization: 010097556d6b09d2c4ea38e0820ea6d37be6a314
  MDFTextAccessibility: 85c09a1bd9c321f494348e632a25063bcda35a53

PODFILE CHECKSUM: 50aea3c3ff757cb6775ddf41a5c7faec0501e6d7

COCOAPODS: 1.9.1
